
Microsoft Visual Studio Solution File, Format Version 12.00
# Visual Studio Version 17
VisualStudioVersion = 17.10.35122.118
MinimumVisualStudioVersion = 10.0.40219.1
Project("{E24C65DC-7377-472B-9ABA-BC803B73C61A}") = "SonarqubeDashboard.Web", "SonarqubeDashboard.Web\", "{92EEC26F-5004-49A6-A17B-9290EAA745D5}"
	ProjectSection(WebsiteProperties) = preProject
		TargetFrameworkMoniker = ".NETFramework,Version%3Dv4.0"
		Debug.AspNetCompiler.VirtualPath = "/localhost_60357"
		Debug.AspNetCompiler.PhysicalPath = "SonarqubeDashboard.Web\"
		Debug.AspNetCompiler.TargetPath = "PrecompiledWeb\localhost_60357\"
		Debug.AspNetCompiler.Updateable = "true"
		Debug.AspNetCompiler.ForceOverwrite = "true"
		Debug.AspNetCompiler.FixedNames = "false"
		Debug.AspNetCompiler.Debug = "True"
		Release.AspNetCompiler.VirtualPath = "/localhost_60357"
		Release.AspNetCompiler.PhysicalPath = "SonarqubeDashboard.Web\"
		Release.AspNetCompiler.TargetPath = "PrecompiledWeb\localhost_60357\"
		Release.AspNetCompiler.Updateable = "true"
		Release.AspNetCompiler.ForceOverwrite = "true"
		Release.AspNetCompiler.FixedNames = "false"
		Release.AspNetCompiler.Debug = "False"
		VWDPort = "60357"
		SlnRelativePath = "SonarqubeDashboard.Web\"
	EndProjectSection
EndProject
Project("{FAE04EC0-301F-11D3-BF4B-00C04F79EFBC}") = "SonarqubeDashboard.API", "SonarqubeDashboard.API\SonarqubeDashboard.API.csproj", "{D6C1614B-04C1-42D2-9E27-B121FE515F8A}"
EndProject
Global
	GlobalSection(SolutionConfigurationPlatforms) = preSolution
		Debug|Any CPU = Debug|Any CPU
		Release|Any CPU = Release|Any CPU
	EndGlobalSection
	GlobalSection(ProjectConfigurationPlatforms) = postSolution
		{92EEC26F-5004-49A6-A17B-9290EAA745D5}.Debug|Any CPU.ActiveCfg = Debug|Any CPU
		{92EEC26F-5004-49A6-A17B-9290EAA745D5}.Debug|Any CPU.Build.0 = Debug|Any CPU
		{92EEC26F-5004-49A6-A17B-9290EAA745D5}.Release|Any CPU.ActiveCfg = Debug|Any CPU
		{92EEC26F-5004-49A6-A17B-9290EAA745D5}.Release|Any CPU.Build.0 = Debug|Any CPU
		{D6C1614B-04C1-42D2-9E27-B121FE515F8A}.Debug|Any CPU.ActiveCfg = Debug|Any CPU
		{D6C1614B-04C1-42D2-9E27-B121FE515F8A}.Debug|Any CPU.Build.0 = Debug|Any CPU
		{D6C1614B-04C1-42D2-9E27-B121FE515F8A}.Release|Any CPU.ActiveCfg = Release|Any CPU
		{D6C1614B-04C1-42D2-9E27-B121FE515F8A}.Release|Any CPU.Build.0 = Release|Any CPU
	EndGlobalSection
	GlobalSection(SolutionProperties) = preSolution
		HideSolutionNode = FALSE
	EndGlobalSection
	GlobalSection(ExtensibilityGlobals) = postSolution
		SolutionGuid = {827FC54A-CFD6-4CED-9D05-AFE0EC259357}
	EndGlobalSection
EndGlobal
